
Microsoft Visual Studio Solution File, Format Version 12.00
# Visual Studio Version 17
VisualStudioVersion = 17.0.31903.59
MinimumVisualStudioVersion = 10.0.40219.1
Project("{2150E333-8FDC-42A3-9474-1A3956D46DE8}") = "Runtime", "Runtime", "{8B55E9C5-ED6D-453A-68BC-F7416B2FC980}"
EndProject
Project("{FAE04EC0-301F-11D3-BF4B-00C04F79EFBC}") = "MoonSharp.Interpreter", "runtime\MoonSharp.Interpreter\MoonSharp.Interpreter.csproj", "{E3D80C79-52F6-4BBC-98FC-614DE7FE9156}"
EndProject
Project("{2150E333-8FDC-42A3-9474-1A3956D46DE8}") = "Debuggers", "Debuggers", "{38ADD4FA-A302-ECD0-035A-07BBCE2A8811}"
EndProject
Project("{FAE04EC0-301F-11D3-BF4B-00C04F79EFBC}") = "MoonSharp.VsCodeDebugger", "debuggers\MoonSharp.VsCodeDebugger\MoonSharp.VsCodeDebugger.csproj", "{143E1946-2037-4D2D-9316-F38694F9A845}"
EndProject
Project("{FAE04EC0-301F-11D3-BF4B-00C04F79EFBC}") = "MoonSharp.RemoteDebugger", "debuggers\MoonSharp.RemoteDebugger\MoonSharp.RemoteDebugger.csproj", "{AA4C0604-2A3C-4E65-AAC5-7E6092B30ECB}"
EndProject
Project("{FAE04EC0-301F-11D3-BF4B-00C04F79EFBC}") = "MoonSharp.Hardwire", "tooling\MoonSharp.Hardwire\MoonSharp.Hardwire.csproj", "{665224FE-1EBE-4A4F-9FAF-15957BBEAA34}"
EndProject
Project("{FAE04EC0-301F-11D3-BF4B-00C04F79EFBC}") = "MoonSharp", "tooling\MoonSharp\MoonSharp.csproj", "{76082315-74AE-4C1E-B096-1C4E1B67BEF2}"
EndProject
Project("{2150E333-8FDC-42A3-9474-1A3956D46DE8}") = "Tests", "Tests", "{C3DA6200-0D27-289C-2E9A-E177ECE5D4BD}"
EndProject
Project("{FAE04EC0-301F-11D3-BF4B-00C04F79EFBC}") = "DotNetCoreTestRunner", "tests\TestRunners\DotNetCoreTestRunner\DotNetCoreTestRunner.csproj", "{0A2A3E3B-DC9A-42A3-9238-6DCB665616D4}"
EndProject
Project("{FAE04EC0-301F-11D3-BF4B-00C04F79EFBC}") = "MoonSharp.Interpreter.Tests.Legacy", "tests\MoonSharp.Interpreter.Tests.Legacy\MoonSharp.Interpreter.Tests.Legacy.csproj", "{A0F4E662-9D66-4B3D-9E58-6D927E0C1B23}"
EndProject
Project("{2150E333-8FDC-42A3-9474-1A3956D46DE8}") = "Tooling", "Tooling", "{5A6B59BD-595F-3A99-50A0-8490D2912C79}"
EndProject
Project("{2150E333-8FDC-42A3-9474-1A3956D46DE8}") = "Benchmarks", "Benchmarks", "{49AD97F7-E11B-DD95-D2B0-CC25C04AAF8D}"
EndProject
Project("{FAE04EC0-301F-11D3-BF4B-00C04F79EFBC}") = "MoonSharp.Benchmarks", "tooling\Benchmarks\MoonSharp.Benchmarks\MoonSharp.Benchmarks.csproj", "{EB477F10-A633-481C-8A14-788FBA2A53F5}"
EndProject
Project("{FAE04EC0-301F-11D3-BF4B-00C04F79EFBC}") = "PerformanceComparison", "tooling\PerformanceComparison\PerformanceComparison.csproj", "{75950EC4-2C65-470A-8A78-C516592B8107}"
EndProject
Global
	GlobalSection(SolutionConfigurationPlatforms) = preSolution
		Debug|Any CPU = Debug|Any CPU
		Debug|x64 = Debug|x64
		Debug|x86 = Debug|x86
		Release|Any CPU = Release|Any CPU
		Release|x64 = Release|x64
		Release|x86 = Release|x86
	EndGlobalSection
	GlobalSection(ProjectConfigurationPlatforms) = postSolution
		{E3D80C79-52F6-4BBC-98FC-614DE7FE9156}.Debug|Any CPU.ActiveCfg = Debug|Any CPU
		{E3D80C79-52F6-4BBC-98FC-614DE7FE9156}.Debug|Any CPU.Build.0 = Debug|Any CPU
		{E3D80C79-52F6-4BBC-98FC-614DE7FE9156}.Debug|x64.ActiveCfg = Debug|Any CPU
		{E3D80C79-52F6-4BBC-98FC-614DE7FE9156}.Debug|x64.Build.0 = Debug|Any CPU
		{E3D80C79-52F6-4BBC-98FC-614DE7FE9156}.Debug|x86.ActiveCfg = Debug|Any CPU
		{E3D80C79-52F6-4BBC-98FC-614DE7FE9156}.Debug|x86.Build.0 = Debug|Any CPU
		{E3D80C79-52F6-4BBC-98FC-614DE7FE9156}.Release|Any CPU.ActiveCfg = Release|Any CPU
		{E3D80C79-52F6-4BBC-98FC-614DE7FE9156}.Release|Any CPU.Build.0 = Release|Any CPU
		{E3D80C79-52F6-4BBC-98FC-614DE7FE9156}.Release|x64.ActiveCfg = Release|Any CPU
		{E3D80C79-52F6-4BBC-98FC-614DE7FE9156}.Release|x64.Build.0 = Release|Any CPU
		{E3D80C79-52F6-4BBC-98FC-614DE7FE9156}.Release|x86.ActiveCfg = Release|Any CPU
		{E3D80C79-52F6-4BBC-98FC-614DE7FE9156}.Release|x86.Build.0 = Release|Any CPU
		{143E1946-2037-4D2D-9316-F38694F9A845}.Debug|Any CPU.ActiveCfg = Debug|Any CPU
		{143E1946-2037-4D2D-9316-F38694F9A845}.Debug|Any CPU.Build.0 = Debug|Any CPU
		{143E1946-2037-4D2D-9316-F38694F9A845}.Debug|x64.ActiveCfg = Debug|Any CPU
		{143E1946-2037-4D2D-9316-F38694F9A845}.Debug|x64.Build.0 = Debug|Any CPU
		{143E1946-2037-4D2D-9316-F38694F9A845}.Debug|x86.ActiveCfg = Debug|Any CPU
		{143E1946-2037-4D2D-9316-F38694F9A845}.Debug|x86.Build.0 = Debug|Any CPU
		{143E1946-2037-4D2D-9316-F38694F9A845}.Release|Any CPU.ActiveCfg = Release|Any CPU
		{143E1946-2037-4D2D-9316-F38694F9A845}.Release|Any CPU.Build.0 = Release|Any CPU
		{143E1946-2037-4D2D-9316-F38694F9A845}.Release|x64.ActiveCfg = Release|Any CPU
		{143E1946-2037-4D2D-9316-F38694F9A845}.Release|x64.Build.0 = Release|Any CPU
		{143E1946-2037-4D2D-9316-F38694F9A845}.Release|x86.ActiveCfg = Release|Any CPU
		{143E1946-2037-4D2D-9316-F38694F9A845}.Release|x86.Build.0 = Release|Any CPU
		{AA4C0604-2A3C-4E65-AAC5-7E6092B30ECB}.Debug|Any CPU.ActiveCfg = Debug|Any CPU
		{AA4C0604-2A3C-4E65-AAC5-7E6092B30ECB}.Debug|Any CPU.Build.0 = Debug|Any CPU
		{AA4C0604-2A3C-4E65-AAC5-7E6092B30ECB}.Debug|x64.ActiveCfg = Debug|Any CPU
		{AA4C0604-2A3C-4E65-AAC5-7E6092B30ECB}.Debug|x64.Build.0 = Debug|Any CPU
		{AA4C0604-2A3C-4E65-AAC5-7E6092B30ECB}.Debug|x86.ActiveCfg = Debug|Any CPU
		{AA4C0604-2A3C-4E65-AAC5-7E6092B30ECB}.Debug|x86.Build.0 = Debug|Any CPU
		{AA4C0604-2A3C-4E65-AAC5-7E6092B30ECB}.Release|Any CPU.ActiveCfg = Release|Any CPU
		{AA4C0604-2A3C-4E65-AAC5-7E6092B30ECB}.Release|Any CPU.Build.0 = Release|Any CPU
		{AA4C0604-2A3C-4E65-AAC5-7E6092B30ECB}.Release|x64.ActiveCfg = Release|Any CPU
		{AA4C0604-2A3C-4E65-AAC5-7E6092B30ECB}.Release|x64.Build.0 = Release|Any CPU
		{AA4C0604-2A3C-4E65-AAC5-7E6092B30ECB}.Release|x86.ActiveCfg = Release|Any CPU
		{AA4C0604-2A3C-4E65-AAC5-7E6092B30ECB}.Release|x86.Build.0 = Release|Any CPU
		{665224FE-1EBE-4A4F-9FAF-15957BBEAA34}.Debug|Any CPU.ActiveCfg = Debug|Any CPU
		{665224FE-1EBE-4A4F-9FAF-15957BBEAA34}.Debug|Any CPU.Build.0 = Debug|Any CPU
		{665224FE-1EBE-4A4F-9FAF-15957BBEAA34}.Debug|x64.ActiveCfg = Debug|Any CPU
		{665224FE-1EBE-4A4F-9FAF-15957BBEAA34}.Debug|x64.Build.0 = Debug|Any CPU
		{665224FE-1EBE-4A4F-9FAF-15957BBEAA34}.Debug|x86.ActiveCfg = Debug|Any CPU
		{665224FE-1EBE-4A4F-9FAF-15957BBEAA34}.Debug|x86.Build.0 = Debug|Any CPU
		{665224FE-1EBE-4A4F-9FAF-15957BBEAA34}.Release|Any CPU.ActiveCfg = Release|Any CPU
		{665224FE-1EBE-4A4F-9FAF-15957BBEAA34}.Release|Any CPU.Build.0 = Release|Any CPU
		{665224FE-1EBE-4A4F-9FAF-15957BBEAA34}.Release|x64.ActiveCfg = Release|Any CPU
		{665224FE-1EBE-4A4F-9FAF-15957BBEAA34}.Release|x64.Build.0 = Release|Any CPU
		{665224FE-1EBE-4A4F-9FAF-15957BBEAA34}.Release|x86.ActiveCfg = Release|Any CPU
		{665224FE-1EBE-4A4F-9FAF-15957BBEAA34}.Release|x86.Build.0 = Release|Any CPU
		{76082315-74AE-4C1E-B096-1C4E1B67BEF2}.Debug|Any CPU.ActiveCfg = Debug|Any CPU
		{76082315-74AE-4C1E-B096-1C4E1B67BEF2}.Debug|Any CPU.Build.0 = Debug|Any CPU
		{76082315-74AE-4C1E-B096-1C4E1B67BEF2}.Debug|x64.ActiveCfg = Debug|Any CPU
		{76082315-74AE-4C1E-B096-1C4E1B67BEF2}.Debug|x64.Build.0 = Debug|Any CPU
		{76082315-74AE-4C1E-B096-1C4E1B67BEF2}.Debug|x86.ActiveCfg = Debug|Any CPU
		{76082315-74AE-4C1E-B096-1C4E1B67BEF2}.Debug|x86.Build.0 = Debug|Any CPU
		{76082315-74AE-4C1E-B096-1C4E1B67BEF2}.Release|Any CPU.ActiveCfg = Release|Any CPU
		{76082315-74AE-4C1E-B096-1C4E1B67BEF2}.Release|Any CPU.Build.0 = Release|Any CPU
		{76082315-74AE-4C1E-B096-1C4E1B67BEF2}.Release|x64.ActiveCfg = Release|Any CPU
		{76082315-74AE-4C1E-B096-1C4E1B67BEF2}.Release|x64.Build.0 = Release|Any CPU
		{76082315-74AE-4C1E-B096-1C4E1B67BEF2}.Release|x86.ActiveCfg = Release|Any CPU
		{76082315-74AE-4C1E-B096-1C4E1B67BEF2}.Release|x86.Build.0 = Release|Any CPU
		{0A2A3E3B-DC9A-42A3-9238-6DCB665616D4}.Debug|Any CPU.ActiveCfg = Debug|Any CPU
		{0A2A3E3B-DC9A-42A3-9238-6DCB665616D4}.Debug|Any CPU.Build.0 = Debug|Any CPU
		{0A2A3E3B-DC9A-42A3-9238-6DCB665616D4}.Debug|x64.ActiveCfg = Debug|Any CPU
		{0A2A3E3B-DC9A-42A3-9238-6DCB665616D4}.Debug|x64.Build.0 = Debug|Any CPU
		{0A2A3E3B-DC9A-42A3-9238-6DCB665616D4}.Debug|x86.ActiveCfg = Debug|Any CPU
		{0A2A3E3B-DC9A-42A3-9238-6DCB665616D4}.Debug|x86.Build.0 = Debug|Any CPU
		{0A2A3E3B-DC9A-42A3-9238-6DCB665616D4}.Release|Any CPU.ActiveCfg = Release|Any CPU
		{0A2A3E3B-DC9A-42A3-9238-6DCB665616D4}.Release|Any CPU.Build.0 = Release|Any CPU
		{0A2A3E3B-DC9A-42A3-9238-6DCB665616D4}.Release|x64.ActiveCfg = Release|Any CPU
		{0A2A3E3B-DC9A-42A3-9238-6DCB665616D4}.Release|x64.Build.0 = Release|Any CPU
		{0A2A3E3B-DC9A-42A3-9238-6DCB665616D4}.Release|x86.ActiveCfg = Release|Any CPU
		{0A2A3E3B-DC9A-42A3-9238-6DCB665616D4}.Release|x86.Build.0 = Release|Any CPU
		{A0F4E662-9D66-4B3D-9E58-6D927E0C1B23}.Debug|Any CPU.ActiveCfg = Debug|Any CPU
		{A0F4E662-9D66-4B3D-9E58-6D927E0C1B23}.Debug|Any CPU.Build.0 = Debug|Any CPU
		{A0F4E662-9D66-4B3D-9E58-6D927E0C1B23}.Debug|x64.ActiveCfg = Debug|Any CPU
		{A0F4E662-9D66-4B3D-9E58-6D927E0C1B23}.Debug|x64.Build.0 = Debug|Any CPU
		{A0F4E662-9D66-4B3D-9E58-6D927E0C1B23}.Debug|x86.ActiveCfg = Debug|Any CPU
		{A0F4E662-9D66-4B3D-9E58-6D927E0C1B23}.Debug|x86.Build.0 = Debug|Any CPU
		{A0F4E662-9D66-4B3D-9E58-6D927E0C1B23}.Release|Any CPU.ActiveCfg = Release|Any CPU
		{A0F4E662-9D66-4B3D-9E58-6D927E0C1B23}.Release|Any CPU.Build.0 = Release|Any CPU
		{A0F4E662-9D66-4B3D-9E58-6D927E0C1B23}.Release|x64.ActiveCfg = Release|Any CPU
		{A0F4E662-9D66-4B3D-9E58-6D927E0C1B23}.Release|x64.Build.0 = Release|Any CPU
		{A0F4E662-9D66-4B3D-9E58-6D927E0C1B23}.Release|x86.ActiveCfg = Release|Any CPU
		{A0F4E662-9D66-4B3D-9E58-6D927E0C1B23}.Release|x86.Build.0 = Release|Any CPU
		{EB477F10-A633-481C-8A14-788FBA2A53F5}.Debug|Any CPU.ActiveCfg = Debug|Any CPU
		{EB477F10-A633-481C-8A14-788FBA2A53F5}.Debug|Any CPU.Build.0 = Debug|Any CPU
		{EB477F10-A633-481C-8A14-788FBA2A53F5}.Debug|x64.ActiveCfg = Debug|Any CPU
		{EB477F10-A633-481C-8A14-788FBA2A53F5}.Debug|x64.Build.0 = Debug|Any CPU
		{EB477F10-A633-481C-8A14-788FBA2A53F5}.Debug|x86.ActiveCfg = Debug|Any CPU
		{EB477F10-A633-481C-8A14-788FBA2A53F5}.Debug|x86.Build.0 = Debug|Any CPU
		{EB477F10-A633-481C-8A14-788FBA2A53F5}.Release|Any CPU.ActiveCfg = Release|Any CPU
		{EB477F10-A633-481C-8A14-788FBA2A53F5}.Release|Any CPU.Build.0 = Release|Any CPU
		{EB477F10-A633-481C-8A14-788FBA2A53F5}.Release|x64.ActiveCfg = Release|Any CPU
		{EB477F10-A633-481C-8A14-788FBA2A53F5}.Release|x64.Build.0 = Release|Any CPU
		{EB477F10-A633-481C-8A14-788FBA2A53F5}.Release|x86.ActiveCfg = Release|Any CPU
		{EB477F10-A633-481C-8A14-788FBA2A53F5}.Release|x86.Build.0 = Release|Any CPU
		{75950EC4-2C65-470A-8A78-C516592B8107}.Debug|Any CPU.ActiveCfg = Debug|Any CPU
		{75950EC4-2C65-470A-8A78-C516592B8107}.Debug|Any CPU.Build.0 = Debug|Any CPU
		{75950EC4-2C65-470A-8A78-C516592B8107}.Debug|x64.ActiveCfg = Debug|Any CPU
		{75950EC4-2C65-470A-8A78-C516592B8107}.Debug|x64.Build.0 = Debug|Any CPU
		{75950EC4-2C65-470A-8A78-C516592B8107}.Debug|x86.ActiveCfg = Debug|Any CPU
		{75950EC4-2C65-470A-8A78-C516592B8107}.Debug|x86.Build.0 = Debug|Any CPU
		{75950EC4-2C65-470A-8A78-C516592B8107}.Release|Any CPU.ActiveCfg = Release|Any CPU
		{75950EC4-2C65-470A-8A78-C516592B8107}.Release|Any CPU.Build.0 = Release|Any CPU
		{75950EC4-2C65-470A-8A78-C516592B8107}.Release|x64.ActiveCfg = Release|Any CPU
		{75950EC4-2C65-470A-8A78-C516592B8107}.Release|x64.Build.0 = Release|Any CPU
		{75950EC4-2C65-470A-8A78-C516592B8107}.Release|x86.ActiveCfg = Release|Any CPU
		{75950EC4-2C65-470A-8A78-C516592B8107}.Release|x86.Build.0 = Release|Any CPU
	EndGlobalSection
	GlobalSection(SolutionProperties) = preSolution
		HideSolutionNode = FALSE
	EndGlobalSection
	GlobalSection(NestedProjects) = preSolution
		{E3D80C79-52F6-4BBC-98FC-614DE7FE9156} = {8B55E9C5-ED6D-453A-68BC-F7416B2FC980}
		{38ADD4FA-A302-ECD0-035A-07BBCE2A8811} = {5A6B59BD-595F-3A99-50A0-8490D2912C79}
		{143E1946-2037-4D2D-9316-F38694F9A845} = {38ADD4FA-A302-ECD0-035A-07BBCE2A8811}
		{AA4C0604-2A3C-4E65-AAC5-7E6092B30ECB} = {38ADD4FA-A302-ECD0-035A-07BBCE2A8811}
		{665224FE-1EBE-4A4F-9FAF-15957BBEAA34} = {5A6B59BD-595F-3A99-50A0-8490D2912C79}
		{76082315-74AE-4C1E-B096-1C4E1B67BEF2} = {5A6B59BD-595F-3A99-50A0-8490D2912C79}
		{0A2A3E3B-DC9A-42A3-9238-6DCB665616D4} = {C3DA6200-0D27-289C-2E9A-E177ECE5D4BD}
		{A0F4E662-9D66-4B3D-9E58-6D927E0C1B23} = {C3DA6200-0D27-289C-2E9A-E177ECE5D4BD}
		{49AD97F7-E11B-DD95-D2B0-CC25C04AAF8D} = {5A6B59BD-595F-3A99-50A0-8490D2912C79}
		{EB477F10-A633-481C-8A14-788FBA2A53F5} = {49AD97F7-E11B-DD95-D2B0-CC25C04AAF8D}
		{75950EC4-2C65-470A-8A78-C516592B8107} = {49AD97F7-E11B-DD95-D2B0-CC25C04AAF8D}
	EndGlobalSection
	GlobalSection(ExtensibilityGlobals) = postSolution
		SolutionGuid = {6406373D-E48F-417C-8847-4EF11200A8AA}
	EndGlobalSection
EndGlobal
